
Microsoft Visual Studio Solution File, Format Version 12.00
# Visual Studio Version 17
VisualStudioVersion = 17.0.32112.339
MinimumVisualStudioVersion = 10.0.40219.1
Project("{9A19103F-16F7-4668-BE54-9A1E7A4F7556}") = "Evelyn", "Evelyn\Evelyn.csproj", "{F805E298-993C-4BCE-AECD-5EE18B5FBD4E}"
EndProject
Project("{9A19103F-16F7-4668-BE54-9A1E7A4F7556}") = "Evelyn.UnitTest", "Evelyn.UnitTest\Evelyn.UnitTest.csproj", "{E744EF48-9EED-4E23-87B9-046DB2227880}"
EndProject
Project("{9A19103F-16F7-4668-BE54-9A1E7A4F7556}") = "Evelyn.Extension", "Evelyn.Extension\Evelyn.Extension.csproj", "{58397B7C-B1E8-4DA2-9410-AEE2693BDDA6}"
EndProject
Project("{FAE04EC0-301F-11D3-BF4B-00C04F79EFBC}") = "Evelyn.Extension.UnitTest", "Evelyn.Extension.UnitTest\Evelyn.Extension.UnitTest.csproj", "{DBF0976F-E40A-45B8-9ADA-373B9799A8A8}"
EndProject
Global
	GlobalSection(SolutionConfigurationPlatforms) = preSolution
		Debug|Any CPU = Debug|Any CPU
		Release|Any CPU = Release|Any CPU
	EndGlobalSection
	GlobalSection(ProjectConfigurationPlatforms) = postSolution
		{F805E298-993C-4BCE-AECD-5EE18B5FBD4E}.Debug|Any CPU.ActiveCfg = Debug|Any CPU
		{F805E298-993C-4BCE-AECD-5EE18B5FBD4E}.Debug|Any CPU.Build.0 = Debug|Any CPU
		{F805E298-993C-4BCE-AECD-5EE18B5FBD4E}.Release|Any CPU.ActiveCfg = Release|Any CPU
		{F805E298-993C-4BCE-AECD-5EE18B5FBD4E}.Release|Any CPU.Build.0 = Release|Any CPU
		{E744EF48-9EED-4E23-87B9-046DB2227880}.Debug|Any CPU.ActiveCfg = Debug|Any CPU
		{E744EF48-9EED-4E23-87B9-046DB2227880}.Debug|Any CPU.Build.0 = Debug|Any CPU
		{E744EF48-9EED-4E23-87B9-046DB2227880}.Release|Any CPU.ActiveCfg = Release|Any CPU
		{E744EF48-9EED-4E23-87B9-046DB2227880}.Release|Any CPU.Build.0 = Release|Any CPU
		{58397B7C-B1E8-4DA2-9410-AEE2693BDDA6}.Debug|Any CPU.ActiveCfg = Debug|Any CPU
		{58397B7C-B1E8-4DA2-9410-AEE2693BDDA6}.Debug|Any CPU.Build.0 = Debug|Any CPU
		{58397B7C-B1E8-4DA2-9410-AEE2693BDDA6}.Release|Any CPU.ActiveCfg = Release|Any CPU
		{58397B7C-B1E8-4DA2-9410-AEE2693BDDA6}.Release|Any CPU.Build.0 = Release|Any CPU
		{DBF0976F-E40A-45B8-9ADA-373B9799A8A8}.Debug|Any CPU.ActiveCfg = Debug|Any CPU
		{DBF0976F-E40A-45B8-9ADA-373B9799A8A8}.Debug|Any CPU.Build.0 = Debug|Any CPU
		{DBF0976F-E40A-45B8-9ADA-373B9799A8A8}.Release|Any CPU.ActiveCfg = Release|Any CPU
		{DBF0976F-E40A-45B8-9ADA-373B9799A8A8}.Release|Any CPU.Build.0 = Release|Any CPU
	EndGlobalSection
	GlobalSection(SolutionProperties) = preSolution
		HideSolutionNode = FALSE
	EndGlobalSection
	GlobalSection(ExtensibilityGlobals) = postSolution
		SolutionGuid = {935310AE-F3C8-4EF2-8117-5AED227BFC59}
	EndGlobalSection
EndGlobal
